
Microsoft Visual Studio Solution File, Format Version 12.00
# Visual Studio Version 17
VisualStudioVersion = 17.14.36717.8 d17.14
MinimumVisualStudioVersion = 10.0.40219.1
Project("{FAE04EC0-301F-11D3-BF4B-00C04F79EFBC}") = "bsc-sc-rpn", "bsc-sc-rpn\bsc-sc-rpn.csproj", "{8B3B90B7-FADC-4F33-9DDC-450841544490}"
EndProject
Global
	GlobalSection(SolutionConfigurationPlatforms) = preSolution
		Debug|Any CPU = Debug|Any CPU
		Release|Any CPU = Release|Any CPU
	EndGlobalSection
	GlobalSection(ProjectConfigurationPlatforms) = postSolution
		{8B3B90B7-FADC-4F33-9DDC-450841544490}.Debug|Any CPU.ActiveCfg = Debug|Any CPU
		{8B3B90B7-FADC-4F33-9DDC-450841544490}.Debug|Any CPU.Build.0 = Debug|Any CPU
		{8B3B90B7-FADC-4F33-9DDC-450841544490}.Release|Any CPU.ActiveCfg = Release|Any CPU
		{8B3B90B7-FADC-4F33-9DDC-450841544490}.Release|Any CPU.Build.0 = Release|Any CPU
	EndGlobalSection
	GlobalSection(SolutionProperties) = preSolution
		HideSolutionNode = FALSE
	EndGlobalSection
	GlobalSection(ExtensibilityGlobals) = postSolution
		SolutionGuid = {BCBC2220-A75C-451C-A703-E9EE4A745B8F}
	EndGlobalSection
EndGlobal
